// !$*UTF8*$!
{
	archiveVersion = 1;
	classes = {
	};
	objectVersion = 50;
	objects = {

/* Begin PBXBuildFile section */
		3611983023B23D8000DDFF23 /* AppDelegate.swift in Sources */ = {isa = PBXBuildFile; fileRef = 3611982F23B23D8000DDFF23 /* AppDelegate.swift */; };
		3611983223B23D8000DDFF23 /* SceneDelegate.swift in Sources */ = {isa = PBXBuildFile; fileRef = 3611983123B23D8000DDFF23 /* SceneDelegate.swift */; };
		3611983423B23D8000DDFF23 /* ViewController.swift in Sources */ = {isa = PBXBuildFile; fileRef = 3611983323B23D8000DDFF23 /* ViewController.swift */; };
		3611983723B23D8000DDFF23 /* Main.storyboard in Resources */ = {isa = PBXBuildFile; fileRef = 3611983523B23D8000DDFF23 /* Main.storyboard */; };
		3611983923B23D8300DDFF23 /* Assets.xcassets in Resources */ = {isa = PBXBuildFile; fileRef = 3611983823B23D8300DDFF23 /* Assets.xcassets */; };
		3611983C23B23D8300DDFF23 /* LaunchScreen.storyboard in Resources */ = {isa = PBXBuildFile; fileRef = 3611983A23B23D8300DDFF23 /* LaunchScreen.storyboard */; };
		3611984423B2434200DDFF23 /* Term.swift in Sources */ = {isa = PBXBuildFile; fileRef = 3611984323B2434200DDFF23 /* Term.swift */; };
		3611984623B2434B00DDFF23 /* Course.swift in Sources */ = {isa = PBXBuildFile; fileRef = 3611984523B2434B00DDFF23 /* Course.swift */; };
		3611984823B2436F00DDFF23 /* Item.swift in Sources */ = {isa = PBXBuildFile; fileRef = 3611984723B2436F00DDFF23 /* Item.swift */; };
/* End PBXBuildFile section */

/* Begin PBXFileReference section */
		3611982C23B23D8000DDFF23 /* Grade.app */ = {isa = PBXFileReference; explicitFileType = wrapper.application; includeInIndex = 0; path = Grade.app; sourceTree = BUILT_PRODUCTS_DIR; };
		3611982F23B23D8000DDFF23 /* AppDelegate.swift */ = {isa = PBXFileReference; lastKnownFileType = sourcecode.swift; path = AppDelegate.swift; sourceTree = "<group>"; };
		3611983123B23D8000DDFF23 /* SceneDelegate.swift */ = {isa = PBXFileReference; lastKnownFileType = sourcecode.swift; path = SceneDelegate.swift; sourceTree = "<group>"; };
		3611983323B23D8000DDFF23 /* ViewController.swift */ = {isa = PBXFileReference; lastKnownFileType = sourcecode.swift; path = ViewController.swift; sourceTree = "<group>"; };
		3611983623B23D8000DDFF23 /* Base */ = {isa = PBXFileReference; lastKnownFileType = file.storyboard; name = Base; path = Base.lproj/Main.storyboard; sourceTree = "<group>"; };
		3611983823B23D8300DDFF23 /* Assets.xcassets */ = {isa = PBXFileReference; lastKnownFileType = folder.assetcatalog; path = Assets.xcassets; sourceTree = "<group>"; };
		3611983B23B23D8300DDFF23 /* Base */ = {isa = PBXFileReference; lastKnownFileType = file.storyboard; name = Base; path = Base.lproj/LaunchScreen.storyboard; sourceTree = "<group>"; };
		3611983D23B23D8300DDFF23 /* Info.plist */ = {isa = PBXFileReference; lastKnownFileType = text.plist.xml; path = Info.plist; sourceTree = "<group>"; };
		3611984323B2434200DDFF23 /* Term.swift */ = {isa = PBXFileReference; lastKnownFileType = sourcecode.swift; path = Term.swift; sourceTree = "<group>"; };
		3611984523B2434B00DDFF23 /* Course.swift */ = {isa = PBXFileReference; lastKnownFileType = sourcecode.swift; path = Course.swift; sourceTree = "<group>"; };
		3611984723B2436F00DDFF23 /* Item.swift */ = {isa = PBXFileReference; lastKnownFileType = sourcecode.swift; path = Item.swift; sourceTree = "<group>"; };
/* End PBXFileReference section */

/* Begin PBXFrameworksBuildPhase section */
		3611982923B23D8000DDFF23 /* Frameworks */ = {
			isa = PBXFrameworksBuildPhase;
			buildActionMask = 2147483647;
			files = (
			);
			runOnlyForDeploymentPostprocessing = 0;
		};
/* End PBXFrameworksBuildPhase section */

/* Begin PBXGroup section */
		3611982323B23D8000DDFF23 = {
			isa = PBXGroup;
			children = (
				3611982E23B23D8000DDFF23 /* Grade */,
				3611982D23B23D8000DDFF23 /* Products */,
			);
			sourceTree = "<group>";
		};
		3611982D23B23D8000DDFF23 /* Products */ = {
			isa = PBXGroup;
			children = (
				3611982C23B23D8000DDFF23 /* Grade.app */,
			);
			name = Products;
			sourceTree = "<group>";
		};
		3611982E23B23D8000DDFF23 /* Grade */ = {
			isa = PBXGroup;
			children = (
				3611982F23B23D8000DDFF23 /* AppDelegate.swift */,
				3611983123B23D8000DDFF23 /* SceneDelegate.swift */,
				3611983323B23D8000DDFF23 /* ViewController.swift */,
				3611984323B2434200DDFF23 /* Term.swift */,
				3611984523B2434B00DDFF23 /* Course.swift */,
				3611984723B2436F00DDFF23 /* Item.swift */,
				3611983523B23D8000DDFF23 /* Main.storyboard */,
				3611983823B23D8300DDFF23 /* Assets.xcassets */,
				3611983A23B23D8300DDFF23 /* LaunchScreen.storyboard */,
				3611983D23B23D8300DDFF23 /* Info.plist */,
			);
			path = Grade;
			sourceTree = "<group>";
		};
/* End PBXGroup section */

/* Begin PBXNativeTarget section */
		3611982B23B23D8000DDFF23 /* Grade */ = {
			isa = PBXNativeTarget;
			buildConfigurationList = 3611984023B23D8300DDFF23 /* Build configuration list for PBXNativeTarget "Grade" */;
			buildPhases = (
				3611982823B23D8000DDFF23 /* Sources */,
				3611982923B23D8000DDFF23 /* Frameworks */,
				3611982A23B23D8000DDFF23 /* Resources */,
			);
			buildRules = (
			);
			dependencies = (
			);
			name = Grade;
			productName = Grade;
			productReference = 3611982C23B23D8000DDFF23 /* Grade.app */;
			productType = "com.apple.product-type.application";
		};
/* End PBXNativeTarget section */

/* Begin PBXProject section */
		3611982423B23D8000DDFF23 /* Project object */ = {
			isa = PBXProject;
			attributes = {
				LastSwiftUpdateCheck = 1110;
				LastUpgradeCheck = 1110;
				ORGANIZATIONNAME = Keystack;
				TargetAttributes = {
					3611982B23B23D8000DDFF23 = {
						CreatedOnToolsVersion = 11.1;
					};
				};
			};
			buildConfigurationList = 3611982723B23D8000DDFF23 /* Build configuration list for PBXProject "Grade" */;
			compatibilityVersion = "Xcode 9.3";
			developmentRegion = en;
			hasScannedForEncodings = 0;
			knownRegions = (
				en,
				Base,
			);
			mainGroup = 3611982323B23D8000DDFF23;
			productRefGroup = 3611982D23B23D8000DDFF23 /* Products */;
			projectDirPath = "";
			projectRoot = "";
			targets = (
				3611982B23B23D8000DDFF23 /* Grade */,
			);
		};
/* End PBXProject section */

/* Begin PBXResourcesBuildPhase section */
		3611982A23B23D8000DDFF23 /* Resources */ = {
			isa = PBXResourcesBuildPhase;
			buildActionMask = 2147483647;
			files = (
				3611983C23B23D8300DDFF23 /* LaunchScreen.storyboard in Resources */,
				3611983923B23D8300DDFF23 /* Assets.xcassets in Resources */,
				3611983723B23D8000DDFF23 /* Main.storyboard in Resources */,
			);
			runOnlyForDeploymentPostprocessing = 0;
		};
/* End PBXResourcesBuildPhase section */

/* Begin PBXSourcesBuildPhase section */
		3611982823B23D8000DDFF23 /* Sources */ = {
			isa = PBXSourcesBuildPhase;
			buildActionMask = 2147483647;
			files = (
				3611983423B23D8000DDFF23 /* ViewController.swift in Sources */,
				3611984423B2434200DDFF23 /* Term.swift in Sources */,
				3611984623B2434B00DDFF23 /* Course.swift in Sources */,
				3611983023B23D8000DDFF23 /* AppDelegate.swift in Sources */,
				3611984823B2436F00DDFF23 /* Item.swift in Sources */,
				3611983223B23D8000DDFF23 /* SceneDelegate.swift in Sources */,
			);
			runOnlyForDeploymentPostprocessing = 0;
		};
/* End PBXSourcesBuildPhase section */

/* Begin PBXVariantGroup section */
		3611983523B23D8000DDFF23 /* Main.storyboard */ = {
			isa = PBXVariantGroup;
			children = (
				3611983623B23D8000DDFF23 /* Base */,
			);
			name = Main.storyboard;
			sourceTree = "<group>";
		};
		3611983A23B23D8300DDFF23 /* LaunchScreen.storyboard */ = {
			isa = PBXVariantGroup;
			children = (
				3611983B23B23D8300DDFF23 /* Base */,
			);
			name = LaunchScreen.storyboard;
			sourceTree = "<group>";
		};
/* End PBXVariantGroup section */

/* Begin XCBuildConfiguration section */
		3611983E23B23D8300DDFF23 /* Debug */ = {
			isa = XCBuildConfiguration;
			buildSettings = {
				ALWAYS_SEARCH_USER_PATHS = NO;
				CLANG_ANALYZER_NONNULL = YES;
				CLANG_ANALYZER_NUMBER_OBJECT_CONVERSION = YES_AGGRESSIVE;
				CLANG_CXX_LANGUAGE_STANDARD = "gnu++14";
				CLANG_CXX_LIBRARY = "libc++";
				CLANG_ENABLE_MODULES = YES;
				CLANG_ENABLE_OBJC_ARC = YES;
				CLANG_ENABLE_OBJC_WEAK = YES;
				CLANG_WARN_BLOCK_CAPTURE_AUTORELEASING = YES;
				CLANG_WARN_BOOL_CONVERSION = YES;
				CLANG_WARN_COMMA = YES;
				CLANG_WARN_CONSTANT_CONVERSION = YES;
				CLANG_WARN_DEPRECATED_OBJC_IMPLEMENTATIONS = YES;
				CLANG_WARN_DIRECT_OBJC_ISA_USAGE = YES_ERROR;
				CLANG_WARN_DOCUMENTATION_COMMENTS = YES;
				CLANG_WARN_EMPTY_BODY = YES;
				CLANG_WARN_ENUM_CONVERSION = YES;
				CLANG_WARN_INFINITE_RECURSION = YES;
				CLANG_WARN_INT_CONVERSION = YES;
				CLANG_WARN_NON_LITERAL_NULL_CONVERSION = YES;
				CLANG_WARN_OBJC_IMPLICIT_RETAIN_SELF = YES;
				CLANG_WARN_OBJC_LITERAL_CONVERSION = YES;
				CLANG_WARN_OBJC_ROOT_CLASS = YES_ERROR;
				CLANG_WARN_RANGE_LOOP_ANALYSIS = YES;
				CLANG_WARN_STRICT_PROTOTYPES = YES;
				CLANG_WARN_SUSPICIOUS_MOVE = YES;
				CLANG_WARN_UNGUARDED_AVAILABILITY = YES_AGGRESSIVE;
				CLANG_WARN_UNREACHABLE_CODE = YES;
				CLANG_WARN__DUPLICATE_METHOD_MATCH = YES;
				COPY_PHASE_STRIP = NO;
				DEBUG_INFORMATION_FORMAT = dwarf;
				ENABLE_STRICT_OBJC_MSGSEND = YES;
				ENABLE_TESTABILITY = YES;
				GCC_C_LANGUAGE_STANDARD = gnu11;
				GCC_DYNAMIC_NO_PIC = NO;
				GCC_NO_COMMON_BLOCKS = YES;
				GCC_OPTIMIZATION_LEVEL = 0;
				GCC_PREPROCESSOR_DEFINITIONS = (
					"DEBUG=1",
					"$(inherited)",
				);
				GCC_WARN_64_TO_32_BIT_CONVERSION = YES;
				GCC_WARN_ABOUT_RETURN_TYPE = YES_ERROR;
				GCC_WARN_UNDECLARED_SELECTOR = YES;
				GCC_WARN_UNINITIALIZED_AUTOS = YES_AGGRESSIVE;
				GCC_WARN_UNUSED_FUNCTION = YES;
				GCC_WARN_UNUSED_VARIABLE = YES;
				IPHONEOS_DEPLOYMENT_TARGET = 13.1;
				MTL_ENABLE_DEBUG_INFO = INCLUDE_SOURCE;
				MTL_FAST_MATH = YES;
				ONLY_ACTIVE_ARCH = YES;
				SDKROOT = iphoneos;
				SWIFT_ACTIVE_COMPILATION_CONDITIONS = DEBUG;
				SWIFT_OPTIMIZATION_LEVEL = "-Onone";
			};
			name = Debug;
		};
		3611983F23B23D8300DDFF23 /* Release */ = {
			isa = XCBuildConfiguration;
			buildSettings = {
				ALWAYS_SEARCH_USER_PATHS = NO;
				CLANG_ANALYZER_NONNULL = YES;
				CLANG_ANALYZER_NUMBER_OBJECT_CONVERSION = YES_AGGRESSIVE;
				CLANG_CXX_LANGUAGE_STANDARD = "gnu++14";
				CLANG_CXX_LIBRARY = "libc++";
				CLANG_ENABLE_MODULES = YES;
				CLANG_ENABLE_OBJC_ARC = YES;
				CLANG_ENABLE_OBJC_WEAK = YES;
				CLANG_WARN_BLOCK_CAPTURE_AUTORELEASING = YES;
				CLANG_WARN_BOOL_CONVERSION = YES;
				CLANG_WARN_COMMA = YES;
				CLANG_WARN_CONSTANT_CONVERSION = YES;
				CLANG_WARN_DEPRECATED_OBJC_IMPLEMENTATIONS = YES;
				CLANG_WARN_DIRECT_OBJC_ISA_USAGE = YES_ERROR;
				CLANG_WARN_DOCUMENTATION_COMMENTS = YES;
				CLANG_WARN_EMPTY_BODY = YES;
				CLANG_WARN_ENUM_CONVERSION = YES;
				CLANG_WARN_INFINITE_RECURSION = YES;
				CLANG_WARN_INT_CONVERSION = YES;
				CLANG_WARN_NON_LITERAL_NULL_CONVERSION = YES;
				CLANG_WARN_OBJC_IMPLICIT_RETAIN_SELF = YES;
				CLANG_WARN_OBJC_LITERAL_CONVERSION = YES;
				CLANG_WARN_OBJC_ROOT_CLASS = YES_ERROR;
				CLANG_WARN_RANGE_LOOP_ANALYSIS = YES;
				CLANG_WARN_STRICT_PROTOTYPES = YES;
				CLANG_WARN_SUSPICIOUS_MOVE = YES;
				CLANG_WARN_UNGUARDED_AVAILABILITY = YES_AGGRESSIVE;
				CLANG_WARN_UNREACHABLE_CODE = YES;
				CLANG_WARN__DUPLICATE_METHOD_MATCH = YES;
				COPY_PHASE_STRIP = NO;
				DEBUG_INFORMATION_FORMAT = "dwarf-with-dsym";
				ENABLE_NS_ASSERTIONS = NO;
				ENABLE_STRICT_OBJC_MSGSEND = YES;
				GCC_C_LANGUAGE_STANDARD = gnu11;
				GCC_NO_COMMON_BLOCKS = YES;
				GCC_WARN_64_TO_32_BIT_CONVERSION = YES;
				GCC_WARN_ABOUT_RETURN_TYPE = YES_ERROR;
				GCC_WARN_UNDECLARED_SELECTOR = YES;
				GCC_WARN_UNINITIALIZED_AUTOS = YES_AGGRESSIVE;
				GCC_WARN_UNUSED_FUNCTION = YES;
				GCC_WARN_UNUSED_VARIABLE = YES;
				IPHONEOS_DEPLOYMENT_TARGET = 13.1;
				MTL_ENABLE_DEBUG_INFO = NO;
				MTL_FAST_MATH = YES;
				SDKROOT = iphoneos;
				SWIFT_COMPILATION_MODE = wholemodule;
				SWIFT_OPTIMIZATION_LEVEL = "-O";
				VALIDATE_PRODUCT = YES;
			};
			name = Release;
		};
		3611984123B23D8300DDFF23 /* Debug */ = {
			isa = XCBuildConfiguration;
			buildSettings = {
				ASSETCATALOG_COMPILER_APPICON_NAME = AppIcon;
				CODE_SIGN_STYLE = Automatic;
				DEVELOPMENT_TEAM = 8U3AY6ESM3;
				INFOPLIST_FILE = Grade/Info.plist;
				LD_RUNPATH_SEARCH_PATHS = (
					"$(inherited)",
					"@executable_path/Frameworks",
				);
				PRODUCT_BUNDLE_IDENTIFIER = co.keystack.Grade;
				PRODUCT_NAME = "$(TARGET_NAME)";
				SWIFT_VERSION = 5.0;
				TARGETED_DEVICE_FAMILY = "1,2";
			};
			name = Debug;
		};
		3611984223B23D8300DDFF23 /* Release */ = {
			isa = XCBuildConfiguration;
			buildSettings = {
				ASSETCATALOG_COMPILER_APPICON_NAME = AppIcon;
				CODE_SIGN_STYLE = Automatic;
				DEVELOPMENT_TEAM = 8U3AY6ESM3;
				INFOPLIST_FILE = Grade/Info.plist;
				LD_RUNPATH_SEARCH_PATHS = (
					"$(inherited)",
					"@executable_path/Frameworks",
				);
				PRODUCT_BUNDLE_IDENTIFIER = co.keystack.Grade;
				PRODUCT_NAME = "$(TARGET_NAME)";
				SWIFT_VERSION = 5.0;
				TARGETED_DEVICE_FAMILY = "1,2";
			};
			name = Release;
		};
/* End XCBuildConfiguration section */

/* Begin XCConfigurationList section */
		3611982723B23D8000DDFF23 /* Build configuration list for PBXProject "Grade" */ = {
			isa = XCConfigurationList;
			buildConfigurations = (
				3611983E23B23D8300DDFF23 /* Debug */,
				3611983F23B23D8300DDFF23 /* Release */,
			);
			defaultConfigurationIsVisible = 0;
			defaultConfigurationName = Release;
		};
		3611984023B23D8300DDFF23 /* Build configuration list for PBXNativeTarget "Grade" */ = {
			isa = XCConfigurationList;
			buildConfigurations = (
				3611984123B23D8300DDFF23 /* Debug */,
				3611984223B23D8300DDFF23 /* Release */,
			);
			defaultConfigurationIsVisible = 0;
			defaultConfigurationName = Release;
		};
/* End XCConfigurationList section */
	};
	rootObject = 3611982423B23D8000DDFF23 /* Project object */;
}
